
Microsoft Visual Studio Solution File, Format Version 12.00
# Visual Studio 15
VisualStudioVersion = 15.0.27703.2026
MinimumVisualStudioVersion = 10.0.40219.1
Project("{FAE04EC0-301F-11D3-BF4B-00C04F79EFBC}") = "FlyweightSample", "FlyweightSample\FlyweightSample.csproj", "{1EBD89FA-0F1C-4FB3-9BC7-840711D58ED8}"
EndProject
Global
	GlobalSection(SolutionConfigurationPlatforms) = preSolution
		Debug|Any CPU = Debug|Any CPU
		Release|Any CPU = Release|Any CPU
	EndGlobalSection
	GlobalSection(ProjectConfigurationPlatforms) = postSolution
		{1EBD89FA-0F1C-4FB3-9BC7-840711D58ED8}.Debug|Any CPU.ActiveCfg = Debug|Any CPU
		{1EBD89FA-0F1C-4FB3-9BC7-840711D58ED8}.Debug|Any CPU.Build.0 = Debug|Any CPU
		{1EBD89FA-0F1C-4FB3-9BC7-840711D58ED8}.Release|Any CPU.ActiveCfg = Release|Any CPU
		{1EBD89FA-0F1C-4FB3-9BC7-840711D58ED8}.Release|Any CPU.Build.0 = Release|Any CPU
	EndGlobalSection
	GlobalSection(SolutionProperties) = preSolution
		HideSolutionNode = FALSE
	EndGlobalSection
	GlobalSection(ExtensibilityGlobals) = postSolution
		SolutionGuid = {8106F457-94B1-4245-A831-AE09BD6EF0F9}
	EndGlobalSection
EndGlobal
